
Microsoft Visual Studio Solution File, Format Version 12.00
# Visual Studio Version 17
VisualStudioVersion = 17.11.35312.102
MinimumVisualStudioVersion = 10.0.40219.1
Project("{9A19103F-16F7-4668-BE54-9A1E7A4F7556}") = "ProductsService", "..\ProductsService\ProductsService.csproj", "{D891E9E5-2248-45E3-A5F8-1A1DDF3B1487}"
EndProject
Project("{9A19103F-16F7-4668-BE54-9A1E7A4F7556}") = "ShoppingCart.Common", "..\ShoppingCart.Common\ShoppingCart.Common.csproj", "{8F293345-EABD-4004-8ABC-9AC17AB93D31}"
EndProject
Project("{9A19103F-16F7-4668-BE54-9A1E7A4F7556}") = "ShoppingCart.Core", "..\ShoppingCart.Core\ShoppingCart.Core.csproj", "{3A0E07C9-9685-47C6-A0C2-63138647562D}"
EndProject
Project("{9A19103F-16F7-4668-BE54-9A1E7A4F7556}") = "ShoppingCart.Core.Tests", "..\ShoppingCart.Core.Tests\ShoppingCart.Core.Tests.csproj", "{00C40B31-F62E-49EC-9B6C-5299B210584C}"
EndProject
Project("{9A19103F-16F7-4668-BE54-9A1E7A4F7556}") = "ShoppingCart.Data", "..\ShoppingCart.Data\ShoppingCart.Data.csproj", "{C2C45560-4332-491F-A6F4-B91FAFC1F39F}"
EndProject
Project("{9A19103F-16F7-4668-BE54-9A1E7A4F7556}") = "ShoppingCart.UI", "..\ShoppingCart.UI\ShoppingCart.UI.csproj", "{2BF02AFE-F5E8-4BDF-B4FF-7F3CBD6BA6F5}"
EndProject
Project("{2150E333-8FDC-42A3-9474-1A3956D46DE8}") = "Solution Items", "Solution Items", "{23C80D13-102C-447D-9774-90BAF87956F1}"
	ProjectSection(SolutionItems) = preProject
		..\.gitignore = ..\.gitignore
	EndProjectSection
EndProject
Global
	GlobalSection(SolutionConfigurationPlatforms) = preSolution
		Debug|Any CPU = Debug|Any CPU
		Release|Any CPU = Release|Any CPU
	EndGlobalSection
	GlobalSection(ProjectConfigurationPlatforms) = postSolution
		{D891E9E5-2248-45E3-A5F8-1A1DDF3B1487}.Debug|Any CPU.ActiveCfg = Debug|Any CPU
		{D891E9E5-2248-45E3-A5F8-1A1DDF3B1487}.Debug|Any CPU.Build.0 = Debug|Any CPU
		{D891E9E5-2248-45E3-A5F8-1A1DDF3B1487}.Release|Any CPU.ActiveCfg = Release|Any CPU
		{D891E9E5-2248-45E3-A5F8-1A1DDF3B1487}.Release|Any CPU.Build.0 = Release|Any CPU
		{8F293345-EABD-4004-8ABC-9AC17AB93D31}.Debug|Any CPU.ActiveCfg = Debug|Any CPU
		{8F293345-EABD-4004-8ABC-9AC17AB93D31}.Debug|Any CPU.Build.0 = Debug|Any CPU
		{8F293345-EABD-4004-8ABC-9AC17AB93D31}.Release|Any CPU.ActiveCfg = Release|Any CPU
		{8F293345-EABD-4004-8ABC-9AC17AB93D31}.Release|Any CPU.Build.0 = Release|Any CPU
		{3A0E07C9-9685-47C6-A0C2-63138647562D}.Debug|Any CPU.ActiveCfg = Debug|Any CPU
		{3A0E07C9-9685-47C6-A0C2-63138647562D}.Debug|Any CPU.Build.0 = Debug|Any CPU
		{3A0E07C9-9685-47C6-A0C2-63138647562D}.Release|Any CPU.ActiveCfg = Release|Any CPU
		{3A0E07C9-9685-47C6-A0C2-63138647562D}.Release|Any CPU.Build.0 = Release|Any CPU
		{00C40B31-F62E-49EC-9B6C-5299B210584C}.Debug|Any CPU.ActiveCfg = Debug|Any CPU
		{00C40B31-F62E-49EC-9B6C-5299B210584C}.Debug|Any CPU.Build.0 = Debug|Any CPU
		{00C40B31-F62E-49EC-9B6C-5299B210584C}.Release|Any CPU.ActiveCfg = Release|Any CPU
		{00C40B31-F62E-49EC-9B6C-5299B210584C}.Release|Any CPU.Build.0 = Release|Any CPU
		{C2C45560-4332-491F-A6F4-B91FAFC1F39F}.Debug|Any CPU.ActiveCfg = Debug|Any CPU
		{C2C45560-4332-491F-A6F4-B91FAFC1F39F}.Debug|Any CPU.Build.0 = Debug|Any CPU
		{C2C45560-4332-491F-A6F4-B91FAFC1F39F}.Release|Any CPU.ActiveCfg = Release|Any CPU
		{C2C45560-4332-491F-A6F4-B91FAFC1F39F}.Release|Any CPU.Build.0 = Release|Any CPU
		{2BF02AFE-F5E8-4BDF-B4FF-7F3CBD6BA6F5}.Debug|Any CPU.ActiveCfg = Debug|Any CPU
		{2BF02AFE-F5E8-4BDF-B4FF-7F3CBD6BA6F5}.Debug|Any CPU.Build.0 = Debug|Any CPU
		{2BF02AFE-F5E8-4BDF-B4FF-7F3CBD6BA6F5}.Release|Any CPU.ActiveCfg = Release|Any CPU
		{2BF02AFE-F5E8-4BDF-B4FF-7F3CBD6BA6F5}.Release|Any CPU.Build.0 = Release|Any CPU
	EndGlobalSection
	GlobalSection(SolutionProperties) = preSolution
		HideSolutionNode = FALSE
	EndGlobalSection
	GlobalSection(ExtensibilityGlobals) = postSolution
		SolutionGuid = {6FA32196-49FC-450D-8E4C-1BD8F294B4F0}
	EndGlobalSection
EndGlobal
